github.com/catinello/base62 v0.0.0-20160325105823-e0daaeb631c9 h1:Wwb8B2cNpapZu1JAunAxwn59RaxUOsIoGY9vNCraF14=
github.com/catinello/base62 v0.0.0-20160325105823-e0daaeb631c9/go.mod h1:5LcXhHD4xsYgujv9TLgV4rIhOxGqBJgpdUG42MHSKaQ=
github.com/mattn/go-sqlite3 v1.14.4 h1:4rQjbDxdu9fSgI/r3KN72G3c2goxknAqHHgPWWs8UlI=
github.com/mattn/go-sqlite3 v1.14.4/go.mod h1:WVKg1VTActs4Qso6iwGbiFih2UIHo0ENGwNd0Lj+XmI=
